{
  "name": "module9-lesson17-timers_and_time",
  "version": "1.0.0",
  "lockfileVersion": 3,
  "requires": true,
  "packages": {
    "": {
      "name": "module9-lesson17-timers_and_time",
      "version": "1.0.0",
      "license": "ISC",
      "dependencies": {
        "bootstrap.native": "^5.0.9"
      }
    },
    "node_modules/@thednp/event-listener": {
      "version": "2.0.4",
      "resolved": "https://registry.npmjs.org/@thednp/event-listener/-/event-listener-2.0.4.tgz",
      "integrity": "sha512-sc4B7AzYAIvnGnivirq0XyR7LfzEDhGiiB70Q0qdNn8wSJ2pL1buVAsEZxrlc47qRJiBV4YIP+BFkyMm2r3NLg==",
      "engines": {
        "node": ">=16",
        "pnpm": ">=8.6.0"
      }
    },
    "node_modules/@thednp/shorty": {
      "version": "2.0.0-alpha22",
      "resolved": "https://registry.npmjs.org/@thednp/shorty/-/shorty-2.0.0-alpha22.tgz",
      "integrity": "sha512-BpXSRRGKJyZcP1OLBM2G7i+zcWGEA+6oHPwHs8GdaHykJDroDl+UaDEQX+PGiIxItosvY4hmF8zU2vG2JQ/qkQ==",
      "engines": {
        "node": ">=16",
        "pnpm": ">=8.6.0"
      }
    },
    "node_modules/bootstrap.native": {
      "version": "5.0.9",
      "resolved": "https://registry.npmjs.org/bootstrap.native/-/bootstrap.native-5.0.9.tgz",
      "integrity": "sha512-v4/2nYE8nj+WWH8jr8rGnSgVozwwBbQGTWmDCSaW0R+xzU96wD666SzXPjOYnU7E5Q5NPX7QihPvAYFqHM4p1A==",
      "dependencies": {
        "@thednp/event-listener": "^2.0.2",
        "@thednp/shorty": "^2.0.0-alpha16"
      }
    }
  }
}
